
Microsoft Visual Studio Solution File, Format Version 12.00
# Visual Studio Version 16
VisualStudioVersion = 16.0.28803.352
MinimumVisualStudioVersion = 10.0.40219.1
Project("{FAE04EC0-301F-11D3-BF4B-00C04F79EFBC}") = "Calculadora", "Calculadora\Calculadora.csproj", "{468882DC-6AED-44E6-8ABC-C31524911F41}"
EndProject
Project("{FAE04EC0-301F-11D3-BF4B-00C04F79EFBC}") = "CalculadoraTest", "CalculadoraTest\CalculadoraTest.csproj", "{92DA70FB-2DE9-44CF-AD12-1A83EAAE402C}"
EndProject
Global
	GlobalSection(SolutionConfigurationPlatforms) = preSolution
		Debug|Any CPU = Debug|Any CPU
		Release|Any CPU = Release|Any CPU
	EndGlobalSection
	GlobalSection(ProjectConfigurationPlatforms) = postSolution
		{468882DC-6AED-44E6-8ABC-C31524911F41}.Debug|Any CPU.ActiveCfg = Debug|Any CPU
		{468882DC-6AED-44E6-8ABC-C31524911F41}.Debug|Any CPU.Build.0 = Debug|Any CPU
		{468882DC-6AED-44E6-8ABC-C31524911F41}.Release|Any CPU.ActiveCfg = Release|Any CPU
		{468882DC-6AED-44E6-8ABC-C31524911F41}.Release|Any CPU.Build.0 = Release|Any CPU
		{92DA70FB-2DE9-44CF-AD12-1A83EAAE402C}.Debug|Any CPU.ActiveCfg = Debug|Any CPU
		{92DA70FB-2DE9-44CF-AD12-1A83EAAE402C}.Debug|Any CPU.Build.0 = Debug|Any CPU
		{92DA70FB-2DE9-44CF-AD12-1A83EAAE402C}.Release|Any CPU.ActiveCfg = Release|Any CPU
		{92DA70FB-2DE9-44CF-AD12-1A83EAAE402C}.Release|Any CPU.Build.0 = Release|Any CPU
	EndGlobalSection
	GlobalSection(SolutionProperties) = preSolution
		HideSolutionNode = FALSE
	EndGlobalSection
	GlobalSection(ExtensibilityGlobals) = postSolution
		SolutionGuid = {80B75F28-D354-40F8-8FC8-C415F8BA6818}
	EndGlobalSection
EndGlobal
